
Microsoft Visual Studio Solution File, Format Version 12.00
# Visual Studio Version 17
VisualStudioVersion = 17.3.32901.215
MinimumVisualStudioVersion = 10.0.40219.1
Project("{FAE04EC0-301F-11D3-BF4B-00C04F79EFBC}") = "prakticheskaya_rabota_2", "prakticheskaya_rabota_2\prakticheskaya_rabota_2.csproj", "{E8085877-552A-44A0-8AB6-31B692D173D2}"
EndProject
Global
	GlobalSection(SolutionConfigurationPlatforms) = preSolution
		Debug|Any CPU = Debug|Any CPU
		Release|Any CPU = Release|Any CPU
	EndGlobalSection
	GlobalSection(ProjectConfigurationPlatforms) = postSolution
		{E8085877-552A-44A0-8AB6-31B692D173D2}.Debug|Any CPU.ActiveCfg = Debug|Any CPU
		{E8085877-552A-44A0-8AB6-31B692D173D2}.Debug|Any CPU.Build.0 = Debug|Any CPU
		{E8085877-552A-44A0-8AB6-31B692D173D2}.Release|Any CPU.ActiveCfg = Release|Any CPU
		{E8085877-552A-44A0-8AB6-31B692D173D2}.Release|Any CPU.Build.0 = Release|Any CPU
	EndGlobalSection
	GlobalSection(SolutionProperties) = preSolution
		HideSolutionNode = FALSE
	EndGlobalSection
	GlobalSection(ExtensibilityGlobals) = postSolution
		SolutionGuid = {35C89487-EC0B-48A5-B084-6DB91E08D210}
	EndGlobalSection
EndGlobal
